{
  "lib/eigenlayer-middleware": {
    "tag": {
      "name": "v1.3.1",
      "rev": "fd26169c7f988a53ad9ca1e745f40754afed4ed4"
    }
  },
  "lib/forge-std": {
    "rev": "551a2d30d7fecba7092ab45a587b5268149a48fb"
  },
  "lib/openzeppelin-contracts": {
    "rev": "8f8d61c7c8d6941d29d3bc0b8b519f1b64656e97"
  }
}